
Microsoft Visual Studio Solution File, Format Version 12.00
# Visual Studio Version 16
VisualStudioVersion = 16.0.31321.278
MinimumVisualStudioVersion = 10.0.40219.1
Project("{FAE04EC0-301F-11D3-BF4B-00C04F79EFBC}") = "Loan Prediction Desktop Application", "Loan Prediction Desktop Application\Loan Prediction Desktop Application.csproj", "{B56A7F0E-774E-40EA-A3C0-8539C677B71E}"
EndProject
Global
	GlobalSection(SolutionConfigurationPlatforms) = preSolution
		Debug|Any CPU = Debug|Any CPU
		Release|Any CPU = Release|Any CPU
	EndGlobalSection
	GlobalSection(ProjectConfigurationPlatforms) = postSolution
		{B56A7F0E-774E-40EA-A3C0-8539C677B71E}.Debug|Any CPU.ActiveCfg = Debug|Any CPU
		{B56A7F0E-774E-40EA-A3C0-8539C677B71E}.Debug|Any CPU.Build.0 = Debug|Any CPU
		{B56A7F0E-774E-40EA-A3C0-8539C677B71E}.Release|Any CPU.ActiveCfg = Release|Any CPU
		{B56A7F0E-774E-40EA-A3C0-8539C677B71E}.Release|Any CPU.Build.0 = Release|Any CPU
	EndGlobalSection
	GlobalSection(SolutionProperties) = preSolution
		HideSolutionNode = FALSE
	EndGlobalSection
	GlobalSection(ExtensibilityGlobals) = postSolution
		SolutionGuid = {719CAFEC-03BF-4577-85D6-1D9866F7B89C}
	EndGlobalSection
EndGlobal
